
Microsoft Visual Studio Solution File, Format Version 12.00
# Visual Studio Version 16
VisualStudioVersion = 16.0.31702.278
MinimumVisualStudioVersion = 10.0.40219.1
Project("{FAE04EC0-301F-11D3-BF4B-00C04F79EFBC}") = "TechZoneHRMS.API", "TechZoneHRMS.API\TechZoneHRMS.API.csproj", "{3FBEE54F-36F5-4E36-B219-2561F8B250BE}"
EndProject
Project("{FAE04EC0-301F-11D3-BF4B-00C04F79EFBC}") = "TechZoneHRMS.Service.Interface", "TechZoneHRMS.Service.Interface\TechZoneHRMS.Service.Interface.csproj", "{821B3378-3BB5-4263-94CA-53B5ED90BD27}"
EndProject
Project("{FAE04EC0-301F-11D3-BF4B-00C04F79EFBC}") = "TechZoneHRMS.Service.Implement", "TechZoneHRMS.Service.Implement\TechZoneHRMS.Service.Implement.csproj", "{8546F14A-BCE2-4A24-AD4B-6E5350723547}"
EndProject
Project("{FAE04EC0-301F-11D3-BF4B-00C04F79EFBC}") = "TechZoneHRMS.Domain", "TechZoneHRMS.Domain\TechZoneHRMS.Domain.csproj", "{E6274433-F7B9-4CCE-93D6-C38B08CD8378}"
EndProject
Global
	GlobalSection(SolutionConfigurationPlatforms) = preSolution
		Debug|Any CPU = Debug|Any CPU
		Release|Any CPU = Release|Any CPU
	EndGlobalSection
	GlobalSection(ProjectConfigurationPlatforms) = postSolution
		{3FBEE54F-36F5-4E36-B219-2561F8B250BE}.Debug|Any CPU.ActiveCfg = Debug|Any CPU
		{3FBEE54F-36F5-4E36-B219-2561F8B250BE}.Debug|Any CPU.Build.0 = Debug|Any CPU
		{3FBEE54F-36F5-4E36-B219-2561F8B250BE}.Release|Any CPU.ActiveCfg = Release|Any CPU
		{3FBEE54F-36F5-4E36-B219-2561F8B250BE}.Release|Any CPU.Build.0 = Release|Any CPU
		{821B3378-3BB5-4263-94CA-53B5ED90BD27}.Debug|Any CPU.ActiveCfg = Debug|Any CPU
		{821B3378-3BB5-4263-94CA-53B5ED90BD27}.Debug|Any CPU.Build.0 = Debug|Any CPU
		{821B3378-3BB5-4263-94CA-53B5ED90BD27}.Release|Any CPU.ActiveCfg = Release|Any CPU
		{821B3378-3BB5-4263-94CA-53B5ED90BD27}.Release|Any CPU.Build.0 = Release|Any CPU
		{8546F14A-BCE2-4A24-AD4B-6E5350723547}.Debug|Any CPU.ActiveCfg = Debug|Any CPU
		{8546F14A-BCE2-4A24-AD4B-6E5350723547}.Debug|Any CPU.Build.0 = Debug|Any CPU
		{8546F14A-BCE2-4A24-AD4B-6E5350723547}.Release|Any CPU.ActiveCfg = Release|Any CPU
		{8546F14A-BCE2-4A24-AD4B-6E5350723547}.Release|Any CPU.Build.0 = Release|Any CPU
		{E6274433-F7B9-4CCE-93D6-C38B08CD8378}.Debug|Any CPU.ActiveCfg = Debug|Any CPU
		{E6274433-F7B9-4CCE-93D6-C38B08CD8378}.Debug|Any CPU.Build.0 = Debug|Any CPU
		{E6274433-F7B9-4CCE-93D6-C38B08CD8378}.Release|Any CPU.ActiveCfg = Release|Any CPU
		{E6274433-F7B9-4CCE-93D6-C38B08CD8378}.Release|Any CPU.Build.0 = Release|Any CPU
	EndGlobalSection
	GlobalSection(SolutionProperties) = preSolution
		HideSolutionNode = FALSE
	EndGlobalSection
	GlobalSection(ExtensibilityGlobals) = postSolution
		SolutionGuid = {8E08579B-9666-41B2-B11C-10D205213E33}
	EndGlobalSection
EndGlobal
